
Microsoft Visual Studio Solution File, Format Version 12.00
# Visual Studio Version 17
VisualStudioVersion = 17.1.32421.90
MinimumVisualStudioVersion = 10.0.40219.1
Project("{9A19103F-16F7-4668-BE54-9A1E7A4F7556}") = "WebAPI", "WebAPI\WebAPI.csproj", "{402C1BAD-4F0B-4A35-8CC4-69CBABCFC504}"
EndProject
Project("{FAE04EC0-301F-11D3-BF4B-00C04F79EFBC}") = "WebAPI_Tests", "WebAPI_Tests\WebAPI_Tests.csproj", "{91D1F37C-6CB7-4DF4-9706-36DD9BBFB7EC}"
EndProject
Global
	GlobalSection(SolutionConfigurationPlatforms) = preSolution
		Debug|Any CPU = Debug|Any CPU
		Release|Any CPU = Release|Any CPU
	EndGlobalSection
	GlobalSection(ProjectConfigurationPlatforms) = postSolution
		{402C1BAD-4F0B-4A35-8CC4-69CBABCFC504}.Debug|Any CPU.ActiveCfg = Debug|Any CPU
		{402C1BAD-4F0B-4A35-8CC4-69CBABCFC504}.Debug|Any CPU.Build.0 = Debug|Any CPU
		{402C1BAD-4F0B-4A35-8CC4-69CBABCFC504}.Release|Any CPU.ActiveCfg = Release|Any CPU
		{402C1BAD-4F0B-4A35-8CC4-69CBABCFC504}.Release|Any CPU.Build.0 = Release|Any CPU
		{91D1F37C-6CB7-4DF4-9706-36DD9BBFB7EC}.Debug|Any CPU.ActiveCfg = Debug|Any CPU
		{91D1F37C-6CB7-4DF4-9706-36DD9BBFB7EC}.Debug|Any CPU.Build.0 = Debug|Any CPU
		{91D1F37C-6CB7-4DF4-9706-36DD9BBFB7EC}.Release|Any CPU.ActiveCfg = Release|Any CPU
		{91D1F37C-6CB7-4DF4-9706-36DD9BBFB7EC}.Release|Any CPU.Build.0 = Release|Any CPU
	EndGlobalSection
	GlobalSection(SolutionProperties) = preSolution
		HideSolutionNode = FALSE
	EndGlobalSection
	GlobalSection(ExtensibilityGlobals) = postSolution
		SolutionGuid = {CC182759-2F4C-4F54-8E60-8268A23A28C7}
	EndGlobalSection
EndGlobal
